
Microsoft Visual Studio Solution File, Format Version 12.00
# Visual Studio Version 17
VisualStudioVersion = 17.14.36414.22 d17.14
MinimumVisualStudioVersion = 10.0.40219.1
Project("{FAE04EC0-301F-11D3-BF4B-00C04F79EFBC}") = "HW_NET_03", "HW_NET_03\HW_NET_03.csproj", "{87199ED2-4161-4461-9D62-7CE7F18EC16C}"
EndProject
Global
	GlobalSection(SolutionConfigurationPlatforms) = preSolution
		Debug|Any CPU = Debug|Any CPU
		Release|Any CPU = Release|Any CPU
	EndGlobalSection
	GlobalSection(ProjectConfigurationPlatforms) = postSolution
		{87199ED2-4161-4461-9D62-7CE7F18EC16C}.Debug|Any CPU.ActiveCfg = Debug|Any CPU
		{87199ED2-4161-4461-9D62-7CE7F18EC16C}.Debug|Any CPU.Build.0 = Debug|Any CPU
		{87199ED2-4161-4461-9D62-7CE7F18EC16C}.Release|Any CPU.ActiveCfg = Release|Any CPU
		{87199ED2-4161-4461-9D62-7CE7F18EC16C}.Release|Any CPU.Build.0 = Release|Any CPU
	EndGlobalSection
	GlobalSection(SolutionProperties) = preSolution
		HideSolutionNode = FALSE
	EndGlobalSection
	GlobalSection(ExtensibilityGlobals) = postSolution
		SolutionGuid = {429EB98B-EA6E-44C8-AA43-7D273FE406F8}
	EndGlobalSection
EndGlobal
